
Microsoft Visual Studio Solution File, Format Version 12.00
# Visual Studio Version 17
VisualStudioVersion = 17.9.34723.18
MinimumVisualStudioVersion = 10.0.40219.1
Project("{9A19103F-16F7-4668-BE54-9A1E7A4F7556}") = "Entities", "Entities\Entities.csproj", "{B123BF53-7E49-4D0D-BC50-64C93C4ECFB1}"
EndProject
Project("{9A19103F-16F7-4668-BE54-9A1E7A4F7556}") = "Business", "Business\Business.csproj", "{95A49BB2-5589-4943-A776-F50BDF9B7D3A}"
EndProject
Project("{9A19103F-16F7-4668-BE54-9A1E7A4F7556}") = "DataAccess", "DataAccess\DataAccess.csproj", "{372B5259-CFBF-4031-ABD5-ABFB3B18764F}"
EndProject
Project("{9A19103F-16F7-4668-BE54-9A1E7A4F7556}") = "MVC", "MVC\MVC.csproj", "{33889443-1984-4699-B73A-EF9A34674D8A}"
EndProject
Project("{FAE04EC0-301F-11D3-BF4B-00C04F79EFBC}") = "API", "API\API\API.csproj", "{AE5B253D-A767-4266-8BD4-95CB1973FF82}"
EndProject
Global
	GlobalSection(SolutionConfigurationPlatforms) = preSolution
		Debug|Any CPU = Debug|Any CPU
		Release|Any CPU = Release|Any CPU
	EndGlobalSection
	GlobalSection(ProjectConfigurationPlatforms) = postSolution
		{B123BF53-7E49-4D0D-BC50-64C93C4ECFB1}.Debug|Any CPU.ActiveCfg = Debug|Any CPU
		{B123BF53-7E49-4D0D-BC50-64C93C4ECFB1}.Debug|Any CPU.Build.0 = Debug|Any CPU
		{B123BF53-7E49-4D0D-BC50-64C93C4ECFB1}.Release|Any CPU.ActiveCfg = Release|Any CPU
		{B123BF53-7E49-4D0D-BC50-64C93C4ECFB1}.Release|Any CPU.Build.0 = Release|Any CPU
		{95A49BB2-5589-4943-A776-F50BDF9B7D3A}.Debug|Any CPU.ActiveCfg = Debug|Any CPU
		{95A49BB2-5589-4943-A776-F50BDF9B7D3A}.Debug|Any CPU.Build.0 = Debug|Any CPU
		{95A49BB2-5589-4943-A776-F50BDF9B7D3A}.Release|Any CPU.ActiveCfg = Release|Any CPU
		{95A49BB2-5589-4943-A776-F50BDF9B7D3A}.Release|Any CPU.Build.0 = Release|Any CPU
		{372B5259-CFBF-4031-ABD5-ABFB3B18764F}.Debug|Any CPU.ActiveCfg = Debug|Any CPU
		{372B5259-CFBF-4031-ABD5-ABFB3B18764F}.Debug|Any CPU.Build.0 = Debug|Any CPU
		{372B5259-CFBF-4031-ABD5-ABFB3B18764F}.Release|Any CPU.ActiveCfg = Release|Any CPU
		{372B5259-CFBF-4031-ABD5-ABFB3B18764F}.Release|Any CPU.Build.0 = Release|Any CPU
		{33889443-1984-4699-B73A-EF9A34674D8A}.Debug|Any CPU.ActiveCfg = Debug|Any CPU
		{33889443-1984-4699-B73A-EF9A34674D8A}.Debug|Any CPU.Build.0 = Debug|Any CPU
		{33889443-1984-4699-B73A-EF9A34674D8A}.Release|Any CPU.ActiveCfg = Release|Any CPU
		{33889443-1984-4699-B73A-EF9A34674D8A}.Release|Any CPU.Build.0 = Release|Any CPU
		{AE5B253D-A767-4266-8BD4-95CB1973FF82}.Debug|Any CPU.ActiveCfg = Debug|Any CPU
		{AE5B253D-A767-4266-8BD4-95CB1973FF82}.Debug|Any CPU.Build.0 = Debug|Any CPU
		{AE5B253D-A767-4266-8BD4-95CB1973FF82}.Release|Any CPU.ActiveCfg = Release|Any CPU
		{AE5B253D-A767-4266-8BD4-95CB1973FF82}.Release|Any CPU.Build.0 = Release|Any CPU
	EndGlobalSection
	GlobalSection(SolutionProperties) = preSolution
		HideSolutionNode = FALSE
	EndGlobalSection
	GlobalSection(ExtensibilityGlobals) = postSolution
		SolutionGuid = {C83DE90A-AF75-47A1-BF89-EFC2602FDDBF}
	EndGlobalSection
EndGlobal
